
Microsoft Visual Studio Solution File, Format Version 12.00
# Visual Studio 15
Project("{FAE04EC0-301F-11D3-BF4B-00C04F79EFBC}") = "Assembly-CSharp", "Assembly-CSharp.csproj", "{BBCE5D92-B0E9-A487-509C-7319793A7022}"
EndProject
Project("{FAE04EC0-301F-11D3-BF4B-00C04F79EFBC}") = "Assembly-CSharp-Editor", "Assembly-CSharp-Editor.csproj", "{91E725F4-11B3-7014-B924-142164F52188}"
EndProject
Global
	GlobalSection(SolutionConfigurationPlatforms) = preSolution
		Debug|Any CPU = Debug|Any CPU
		Release|Any CPU = Release|Any CPU
	EndGlobalSection
	GlobalSection(ProjectConfigurationPlatforms) = postSolution
		{BBCE5D92-B0E9-A487-509C-7319793A7022}.Debug|Any CPU.ActiveCfg = Debug|Any CPU
		{BBCE5D92-B0E9-A487-509C-7319793A7022}.Debug|Any CPU.Build.0 = Debug|Any CPU
		{BBCE5D92-B0E9-A487-509C-7319793A7022}.Release|Any CPU.ActiveCfg = Release|Any CPU
		{BBCE5D92-B0E9-A487-509C-7319793A7022}.Release|Any CPU.Build.0 = Release|Any CPU
		{91E725F4-11B3-7014-B924-142164F52188}.Debug|Any CPU.ActiveCfg = Debug|Any CPU
		{91E725F4-11B3-7014-B924-142164F52188}.Debug|Any CPU.Build.0 = Debug|Any CPU
		{91E725F4-11B3-7014-B924-142164F52188}.Release|Any CPU.ActiveCfg = Release|Any CPU
		{91E725F4-11B3-7014-B924-142164F52188}.Release|Any CPU.Build.0 = Release|Any CPU
	EndGlobalSection
	GlobalSection(SolutionProperties) = preSolution
		HideSolutionNode = FALSE
	EndGlobalSection
EndGlobal
